
Microsoft Visual Studio Solution File, Format Version 12.00
# Visual Studio Version 17
VisualStudioVersion = 17.11.35312.102
MinimumVisualStudioVersion = 10.0.40219.1
Project("{FAE04EC0-301F-11D3-BF4B-00C04F79EFBC}") = "SwitchCaseApplication", "SwitchCaseApplication\SwitchCaseApplication.csproj", "{7D3D176D-E3C1-4431-ADC8-3EE56D2EBCA2}"
EndProject
Global
	GlobalSection(SolutionConfigurationPlatforms) = preSolution
		Debug|Any CPU = Debug|Any CPU
		Release|Any CPU = Release|Any CPU
	EndGlobalSection
	GlobalSection(ProjectConfigurationPlatforms) = postSolution
		{7D3D176D-E3C1-4431-ADC8-3EE56D2EBCA2}.Debug|Any CPU.ActiveCfg = Debug|Any CPU
		{7D3D176D-E3C1-4431-ADC8-3EE56D2EBCA2}.Debug|Any CPU.Build.0 = Debug|Any CPU
		{7D3D176D-E3C1-4431-ADC8-3EE56D2EBCA2}.Release|Any CPU.ActiveCfg = Release|Any CPU
		{7D3D176D-E3C1-4431-ADC8-3EE56D2EBCA2}.Release|Any CPU.Build.0 = Release|Any CPU
	EndGlobalSection
	GlobalSection(SolutionProperties) = preSolution
		HideSolutionNode = FALSE
	EndGlobalSection
	GlobalSection(ExtensibilityGlobals) = postSolution
		SolutionGuid = {E21226E2-B710-418C-B15A-E93B481878A3}
	EndGlobalSection
EndGlobal
